
Microsoft Visual Studio Solution File, Format Version 12.00
# Visual Studio Version 17
VisualStudioVersion = 17.13.35931.197
MinimumVisualStudioVersion = 10.0.40219.1
Project("{FAE04EC0-301F-11D3-BF4B-00C04F79EFBC}") = "TovanyUchetV2", "TovanyUchetV2\TovanyUchetV2.csproj", "{82C4E27D-E401-4709-9FB4-A870A3E4A557}"
EndProject
Global
	GlobalSection(SolutionConfigurationPlatforms) = preSolution
		Debug|Any CPU = Debug|Any CPU
		Release|Any CPU = Release|Any CPU
	EndGlobalSection
	GlobalSection(ProjectConfigurationPlatforms) = postSolution
		{82C4E27D-E401-4709-9FB4-A870A3E4A557}.Debug|Any CPU.ActiveCfg = Debug|Any CPU
		{82C4E27D-E401-4709-9FB4-A870A3E4A557}.Debug|Any CPU.Build.0 = Debug|Any CPU
		{82C4E27D-E401-4709-9FB4-A870A3E4A557}.Release|Any CPU.ActiveCfg = Release|Any CPU
		{82C4E27D-E401-4709-9FB4-A870A3E4A557}.Release|Any CPU.Build.0 = Release|Any CPU
	EndGlobalSection
	GlobalSection(SolutionProperties) = preSolution
		HideSolutionNode = FALSE
	EndGlobalSection
	GlobalSection(ExtensibilityGlobals) = postSolution
		SolutionGuid = {2000D58B-D6ED-4698-A8FB-473C670CEFC1}
	EndGlobalSection
EndGlobal
